
Microsoft Visual Studio Solution File, Format Version 12.00
# Visual Studio Version 16
VisualStudioVersion = 16.0.30114.105
MinimumVisualStudioVersion = 10.0.40219.1
Project("{9A19103F-16F7-4668-BE54-9A1E7A4F7556}") = "client", "src\client\client.csproj", "{12EFE817-EB40-41B4-A9F7-F2D3AE68A79A}"
EndProject
Project("{2150E333-8FDC-42A3-9474-1A3956D46DE8}") = "sample", "sample", "{6AE2D888-0EC4-4DF1-8D7B-FFE2BD035C68}"
EndProject
Project("{9A19103F-16F7-4668-BE54-9A1E7A4F7556}") = "client-sample", "sample\client-sample\client-sample.csproj", "{03FA15F3-DCD6-4715-88C8-DEC52B9959D6}"
EndProject
Global
	GlobalSection(SolutionConfigurationPlatforms) = preSolution
		Debug|Any CPU = Debug|Any CPU
		Release|Any CPU = Release|Any CPU
	EndGlobalSection
	GlobalSection(ProjectConfigurationPlatforms) = postSolution
		{12EFE817-EB40-41B4-A9F7-F2D3AE68A79A}.Debug|Any CPU.ActiveCfg = Debug|Any CPU
		{12EFE817-EB40-41B4-A9F7-F2D3AE68A79A}.Debug|Any CPU.Build.0 = Debug|Any CPU
		{12EFE817-EB40-41B4-A9F7-F2D3AE68A79A}.Release|Any CPU.ActiveCfg = Release|Any CPU
		{12EFE817-EB40-41B4-A9F7-F2D3AE68A79A}.Release|Any CPU.Build.0 = Release|Any CPU
		{03FA15F3-DCD6-4715-88C8-DEC52B9959D6}.Debug|Any CPU.ActiveCfg = Debug|Any CPU
		{03FA15F3-DCD6-4715-88C8-DEC52B9959D6}.Debug|Any CPU.Build.0 = Debug|Any CPU
		{03FA15F3-DCD6-4715-88C8-DEC52B9959D6}.Release|Any CPU.ActiveCfg = Release|Any CPU
		{03FA15F3-DCD6-4715-88C8-DEC52B9959D6}.Release|Any CPU.Build.0 = Release|Any CPU
	EndGlobalSection
	GlobalSection(SolutionProperties) = preSolution
		HideSolutionNode = FALSE
	EndGlobalSection
	GlobalSection(NestedProjects) = preSolution
		{03FA15F3-DCD6-4715-88C8-DEC52B9959D6} = {6AE2D888-0EC4-4DF1-8D7B-FFE2BD035C68}
	EndGlobalSection
	GlobalSection(ExtensibilityGlobals) = postSolution
		SolutionGuid = {DEF5C3A6-3FEB-4396-B451-BEF63FC4B360}
	EndGlobalSection
EndGlobal
